Microsoft Visual Studio Solution File, Format Version 12.00
# Visual Studio Version 17
VisualStudioVersion = 17.0.31903.59
MinimumVisualStudioVersion = 10.0.40219.1
Project("{9A19103F-16F7-4668-BE54-9A1E7A4F7556}") = "AutoDJMix.App", "src\\AutoDJMix.App\\AutoDJMix.App.csproj", "{2E5B0D30-4A34-4E40-9C0E-2E58E2B2B8C5}"
EndProject
Project("{9A19103F-16F7-4668-BE54-9A1E7A4F7556}") = "AutoDJMix.Application", "src\\AutoDJMix.Application\\AutoDJMix.Application.csproj", "{D1B39E6E-9A2C-4D0D-A78B-4B44B0CB0F12}"
EndProject
Project("{9A19103F-16F7-4668-BE54-9A1E7A4F7556}") = "AutoDJMix.Domain", "src\\AutoDJMix.Domain\\AutoDJMix.Domain.csproj", "{0E41C0F1-ED97-4E4F-8B50-9E7C36B5F972}"
EndProject
Project("{9A19103F-16F7-4668-BE54-9A1E7A4F7556}") = "AutoDJMix.Analysis", "src\\AutoDJMix.Analysis\\AutoDJMix.Analysis.csproj", "{7A5A9D6B-57C1-4D64-9E91-AB545A7F22A3}"
EndProject
Project("{9A19103F-16F7-4668-BE54-9A1E7A4F7556}") = "AutoDJMix.Mixing", "src\\AutoDJMix.Mixing\\AutoDJMix.Mixing.csproj", "{90A0C1B1-3A0F-46A2-A6F7-5B85A8F0E0AF}"
EndProject
Project("{9A19103F-16F7-4668-BE54-9A1E7A4F7556}") = "AutoDJMix.Transition", "src\\AutoDJMix.Transition\\AutoDJMix.Transition.csproj", "{A20A8F12-6F8C-4E35-9B0E-6D5A23B2F3B9}"
EndProject
Project("{9A19103F-16F7-4668-BE54-9A1E7A4F7556}") = "AutoDJMix.Rendering", "src\\AutoDJMix.Rendering\\AutoDJMix.Rendering.csproj", "{C7A1E5C2-9C75-4B1D-85D8-7F6F0F46C2E5}"
EndProject
Project("{9A19103F-16F7-4668-BE54-9A1E7A4F7556}") = "AutoDJMix.Persistence", "src\\AutoDJMix.Persistence\\AutoDJMix.Persistence.csproj", "{0A2F18C6-0302-4202-A0B3-50B5630B7810}"
EndProject
Project("{9A19103F-16F7-4668-BE54-9A1E7A4F7556}") = "AutoDJMix.Infrastructure", "src\\AutoDJMix.Infrastructure\\AutoDJMix.Infrastructure.csproj", "{A2B6C1A8-1F5D-49A1-8F5A-CF41A0B6E6B0}"
EndProject
Project("{9A19103F-16F7-4668-BE54-9A1E7A4F7556}") = "AutoDJMix.Migrator", "src\\AutoDJMix.Migrator\\AutoDJMix.Migrator.csproj", "{E9B2E2D2-9B5F-4B4A-9A0C-8A20A1E3A83B}"
EndProject
Project("{9A19103F-16F7-4668-BE54-9A1E7A4F7556}") = "AutoDJMix.Domain.Tests", "tests\\AutoDJMix.Domain.Tests\\AutoDJMix.Domain.Tests.csproj", "{3D7A7D44-6B6F-4EAD-A936-3EF3E0CC3D2F}"
EndProject
Project("{9A19103F-16F7-4668-BE54-9A1E7A4F7556}") = "AutoDJMix.Persistence.Tests", "tests\\AutoDJMix.Persistence.Tests\\AutoDJMix.Persistence.Tests.csproj", "{A7F1A0F2-8E6E-4B4A-ABAE-3D5A5E1F0F02}"
EndProject
Global
	GlobalSection(SolutionConfigurationPlatforms) = preSolution
		Debug|Any CPU = Debug|Any CPU
		Release|Any CPU = Release|Any CPU
	EndGlobalSection
	GlobalSection(ProjectConfigurationPlatforms) = postSolution
		{2E5B0D30-4A34-4E40-9C0E-2E58E2B2B8C5}.Debug|Any CPU.ActiveCfg = Debug|Any CPU
		{2E5B0D30-4A34-4E40-9C0E-2E58E2B2B8C5}.Debug|Any CPU.Build.0 = Debug|Any CPU
		{2E5B0D30-4A34-4E40-9C0E-2E58E2B2B8C5}.Release|Any CPU.ActiveCfg = Release|Any CPU
		{2E5B0D30-4A34-4E40-9C0E-2E58E2B2B8C5}.Release|Any CPU.Build.0 = Release|Any CPU
		{D1B39E6E-9A2C-4D0D-A78B-4B44B0CB0F12}.Debug|Any CPU.ActiveCfg = Debug|Any CPU
		{D1B39E6E-9A2C-4D0D-A78B-4B44B0CB0F12}.Debug|Any CPU.Build.0 = Debug|Any CPU
		{D1B39E6E-9A2C-4D0D-A78B-4B44B0CB0F12}.Release|Any CPU.ActiveCfg = Release|Any CPU
		{D1B39E6E-9A2C-4D0D-A78B-4B44B0CB0F12}.Release|Any CPU.Build.0 = Release|Any CPU
		{0E41C0F1-ED97-4E4F-8B50-9E7C36B5F972}.Debug|Any CPU.ActiveCfg = Debug|Any CPU
		{0E41C0F1-ED97-4E4F-8B50-9E7C36B5F972}.Debug|Any CPU.Build.0 = Debug|Any CPU
		{0E41C0F1-ED97-4E4F-8B50-9E7C36B5F972}.Release|Any CPU.ActiveCfg = Release|Any CPU
		{0E41C0F1-ED97-4E4F-8B50-9E7C36B5F972}.Release|Any CPU.Build.0 = Release|Any CPU
		{7A5A9D6B-57C1-4D64-9E91-AB545A7F22A3}.Debug|Any CPU.ActiveCfg = Debug|Any CPU
		{7A5A9D6B-57C1-4D64-9E91-AB545A7F22A3}.Debug|Any CPU.Build.0 = Debug|Any CPU
		{7A5A9D6B-57C1-4D64-9E91-AB545A7F22A3}.Release|Any CPU.ActiveCfg = Release|Any CPU
		{7A5A9D6B-57C1-4D64-9E91-AB545A7F22A3}.Release|Any CPU.Build.0 = Release|Any CPU
		{90A0C1B1-3A0F-46A2-A6F7-5B85A8F0E0AF}.Debug|Any CPU.ActiveCfg = Debug|Any CPU
		{90A0C1B1-3A0F-46A2-A6F7-5B85A8F0E0AF}.Debug|Any CPU.Build.0 = Debug|Any CPU
		{90A0C1B1-3A0F-46A2-A6F7-5B85A8F0E0AF}.Release|Any CPU.ActiveCfg = Release|Any CPU
		{90A0C1B1-3A0F-46A2-A6F7-5B85A8F0E0AF}.Release|Any CPU.Build.0 = Release|Any CPU
		{A20A8F12-6F8C-4E35-9B0E-6D5A23B2F3B9}.Debug|Any CPU.ActiveCfg = Debug|Any CPU
		{A20A8F12-6F8C-4E35-9B0E-6D5A23B2F3B9}.Debug|Any CPU.Build.0 = Debug|Any CPU
		{A20A8F12-6F8C-4E35-9B0E-6D5A23B2F3B9}.Release|Any CPU.ActiveCfg = Release|Any CPU
		{A20A8F12-6F8C-4E35-9B0E-6D5A23B2F3B9}.Release|Any CPU.Build.0 = Release|Any CPU
		{C7A1E5C2-9C75-4B1D-85D8-7F6F0F46C2E5}.Debug|Any CPU.ActiveCfg = Debug|Any CPU
		{C7A1E5C2-9C75-4B1D-85D8-7F6F0F46C2E5}.Debug|Any CPU.Build.0 = Debug|Any CPU
		{C7A1E5C2-9C75-4B1D-85D8-7F6F0F46C2E5}.Release|Any CPU.ActiveCfg = Release|Any CPU
		{C7A1E5C2-9C75-4B1D-85D8-7F6F0F46C2E5}.Release|Any CPU.Build.0 = Release|Any CPU
		{0A2F18C6-0302-4202-A0B3-50B5630B7810}.Debug|Any CPU.ActiveCfg = Debug|Any CPU
		{0A2F18C6-0302-4202-A0B3-50B5630B7810}.Debug|Any CPU.Build.0 = Debug|Any CPU
		{0A2F18C6-0302-4202-A0B3-50B5630B7810}.Release|Any CPU.ActiveCfg = Release|Any CPU
		{0A2F18C6-0302-4202-A0B3-50B5630B7810}.Release|Any CPU.Build.0 = Release|Any CPU
		{A2B6C1A8-1F5D-49A1-8F5A-CF41A0B6E6B0}.Debug|Any CPU.ActiveCfg = Debug|Any CPU
		{A2B6C1A8-1F5D-49A1-8F5A-CF41A0B6E6B0}.Debug|Any CPU.Build.0 = Debug|Any CPU
		{A2B6C1A8-1F5D-49A1-8F5A-CF41A0B6E6B0}.Release|Any CPU.ActiveCfg = Release|Any CPU
		{A2B6C1A8-1F5D-49A1-8F5A-CF41A0B6E6B0}.Release|Any CPU.Build.0 = Release|Any CPU
		{E9B2E2D2-9B5F-4B4A-9A0C-8A20A1E3A83B}.Debug|Any CPU.ActiveCfg = Debug|Any CPU
		{E9B2E2D2-9B5F-4B4A-9A0C-8A20A1E3A83B}.Debug|Any CPU.Build.0 = Debug|Any CPU
		{E9B2E2D2-9B5F-4B4A-9A0C-8A20A1E3A83B}.Release|Any CPU.ActiveCfg = Release|Any CPU
		{E9B2E2D2-9B5F-4B4A-9A0C-8A20A1E3A83B}.Release|Any CPU.Build.0 = Release|Any CPU
		{3D7A7D44-6B6F-4EAD-A936-3EF3E0CC3D2F}.Debug|Any CPU.ActiveCfg = Debug|Any CPU
		{3D7A7D44-6B6F-4EAD-A936-3EF3E0CC3D2F}.Debug|Any CPU.Build.0 = Debug|Any CPU
		{3D7A7D44-6B6F-4EAD-A936-3EF3E0CC3D2F}.Release|Any CPU.ActiveCfg = Release|Any CPU
		{3D7A7D44-6B6F-4EAD-A936-3EF3E0CC3D2F}.Release|Any CPU.Build.0 = Release|Any CPU
		{A7F1A0F2-8E6E-4B4A-ABAE-3D5A5E1F0F02}.Debug|Any CPU.ActiveCfg = Debug|Any CPU
		{A7F1A0F2-8E6E-4B4A-ABAE-3D5A5E1F0F02}.Debug|Any CPU.Build.0 = Debug|Any CPU
		{A7F1A0F2-8E6E-4B4A-ABAE-3D5A5E1F0F02}.Release|Any CPU.ActiveCfg = Release|Any CPU
		{A7F1A0F2-8E6E-4B4A-ABAE-3D5A5E1F0F02}.Release|Any CPU.Build.0 = Release|Any CPU
	EndGlobalSection
	GlobalSection(SolutionProperties) = preSolution
		HideSolutionNode = FALSE
	EndGlobalSection
EndGlobal
